// !$*UTF8*$!
{
	archiveVersion = 1;
	classes = {
	};
	objectVersion = 56;
	objects = {

/* Begin PBXBuildFile section */
		B6C0ED3E2A618CD200F184D0 /* PagesView.swift in Sources */ = {isa = PBXBuildFile; fileRef = B6C0ED3D2A618CD200F184D0 /* PagesView.swift */; };
		B6C0ED402A61BC0100F184D0 /* PageThreeView.swift in Sources */ = {isa = PBXBuildFile; fileRef = B6C0ED3F2A61BC0100F184D0 /* PageThreeView.swift */; };
		B6C0ED442A61DF0E00F184D0 /* SharedData.swift in Sources */ = {isa = PBXBuildFile; fileRef = B6C0ED432A61DF0E00F184D0 /* SharedData.swift */; };
		B6D0378E2A5D869700AF1A03 /* Padel Watch App.app in Embed Watch Content */ = {isa = PBXBuildFile; fileRef = B6D0378D2A5D869700AF1A03 /* Padel Watch App.app */; settings = {ATTRIBUTES = (RemoveHeadersOnCopy, ); }; };
		B6D037932A5D869700AF1A03 /* PadelApp.swift in Sources */ = {isa = PBXBuildFile; fileRef = B6D037922A5D869700AF1A03 /* PadelApp.swift */; };
		B6D037952A5D869700AF1A03 /* PageTwoView.swift in Sources */ = {isa = PBXBuildFile; fileRef = B6D037942A5D869700AF1A03 /* PageTwoView.swift */; };
		B6D037972A5D869800AF1A03 /* Assets.xcassets in Resources */ = {isa = PBXBuildFile; fileRef = B6D037962A5D869800AF1A03 /* Assets.xcassets */; };
		B6D0379A2A5D869800AF1A03 /* Preview Assets.xcassets in Resources */ = {isa = PBXBuildFile; fileRef = B6D037992A5D869800AF1A03 /* Preview Assets.xcassets */; };
		B6D037A72A5DA24600AF1A03 /* CourtView.swift in Sources */ = {isa = PBXBuildFile; fileRef = B6D037A62A5DA24600AF1A03 /* CourtView.swift */; };
		B6D037A92A5DACB500AF1A03 /* ScoreBoardView.swift in Sources */ = {isa = PBXBuildFile; fileRef = B6D037A82A5DACB500AF1A03 /* ScoreBoardView.swift */; };
		B6D037AB2A5DDBE700AF1A03 /* HistoryView.swift in Sources */ = {isa = PBXBuildFile; fileRef = B6D037AA2A5DDBE700AF1A03 /* HistoryView.swift */; };
		B6D037AD2A5DE3FC00AF1A03 /* PageOneView.swift in Sources */ = {isa = PBXBuildFile; fileRef = B6D037AC2A5DE3FC00AF1A03 /* PageOneView.swift */; };
		B6D037B12A5DFBE900AF1A03 /* ActionButtonsView.swift in Sources */ = {isa = PBXBuildFile; fileRef = B6D037B02A5DFBE900AF1A03 /* ActionButtonsView.swift */; };
/* End PBXBuildFile section */

/* Begin PBXContainerItemProxy section */
		B6D0378F2A5D869700AF1A03 /* PBXContainerItemProxy */ = {
			isa = PBXContainerItemProxy;
			containerPortal = B6D037812A5D869700AF1A03 /* Project object */;
			proxyType = 1;
			remoteGlobalIDString = B6D0378C2A5D869700AF1A03;
			remoteInfo = "Padel Watch App";
		};
/* End PBXContainerItemProxy section */

/* Begin PBXCopyFilesBuildPhase section */
		B6D037A02A5D869800AF1A03 /* Embed Watch Content */ = {
			isa = PBXCopyFilesBuildPhase;
			buildActionMask = 2147483647;
			dstPath = "$(CONTENTS_FOLDER_PATH)/Watch";
			dstSubfolderSpec = 16;
			files = (
				B6D0378E2A5D869700AF1A03 /* Padel Watch App.app in Embed Watch Content */,
			);
			name = "Embed Watch Content";
			runOnlyForDeploymentPostprocessing = 0;
		};
/* End PBXCopyFilesBuildPhase section */

/* Begin PBXFileReference section */
		B6C0ED3D2A618CD200F184D0 /* PagesView.swift */ = {isa = PBXFileReference; lastKnownFileType = sourcecode.swift; path = PagesView.swift; sourceTree = "<group>"; };
		B6C0ED3F2A61BC0100F184D0 /* PageThreeView.swift */ = {isa = PBXFileReference; lastKnownFileType = sourcecode.swift; path = PageThreeView.swift; sourceTree = "<group>"; };
		B6C0ED432A61DF0E00F184D0 /* SharedData.swift */ = {isa = PBXFileReference; lastKnownFileType = sourcecode.swift; path = SharedData.swift; sourceTree = "<group>"; };
		B6D037872A5D869700AF1A03 /* Padel.app */ = {isa = PBXFileReference; explicitFileType = wrapper.application; includeInIndex = 0; path = Padel.app; sourceTree = BUILT_PRODUCTS_DIR; };
		B6D0378D2A5D869700AF1A03 /* Padel Watch App.app */ = {isa = PBXFileReference; explicitFileType = wrapper.application; includeInIndex = 0; path = "Padel Watch App.app"; sourceTree = BUILT_PRODUCTS_DIR; };
		B6D037922A5D869700AF1A03 /* PadelApp.swift */ = {isa = PBXFileReference; lastKnownFileType = sourcecode.swift; path = PadelApp.swift; sourceTree = "<group>"; };
		B6D037942A5D869700AF1A03 /* PageTwoView.swift */ = {isa = PBXFileReference; lastKnownFileType = sourcecode.swift; path = PageTwoView.swift; sourceTree = "<group>"; };
		B6D037962A5D869800AF1A03 /* Assets.xcassets */ = {isa = PBXFileReference; lastKnownFileType = folder.assetcatalog; path = Assets.xcassets; sourceTree = "<group>"; };
		B6D037992A5D869800AF1A03 /* Preview Assets.xcassets */ = {isa = PBXFileReference; lastKnownFileType = folder.assetcatalog; path = "Preview Assets.xcassets"; sourceTree = "<group>"; };
		B6D037A62A5DA24600AF1A03 /* CourtView.swift */ = {isa = PBXFileReference; lastKnownFileType = sourcecode.swift; path = CourtView.swift; sourceTree = "<group>"; };
		B6D037A82A5DACB500AF1A03 /* ScoreBoardView.swift */ = {isa = PBXFileReference; lastKnownFileType = sourcecode.swift; path = ScoreBoardView.swift; sourceTree = "<group>"; };
		B6D037AA2A5DDBE700AF1A03 /* HistoryView.swift */ = {isa = PBXFileReference; lastKnownFileType = sourcecode.swift; path = HistoryView.swift; sourceTree = "<group>"; };
		B6D037AC2A5DE3FC00AF1A03 /* PageOneView.swift */ = {isa = PBXFileReference; lastKnownFileType = sourcecode.swift; path = PageOneView.swift; sourceTree = "<group>"; };
		B6D037B02A5DFBE900AF1A03 /* ActionButtonsView.swift */ = {isa = PBXFileReference; lastKnownFileType = sourcecode.swift; path = ActionButtonsView.swift; sourceTree = "<group>"; };
/* End PBXFileReference section */

/* Begin PBXFrameworksBuildPhase section */
		B6D0378A2A5D869700AF1A03 /* Frameworks */ = {
			isa = PBXFrameworksBuildPhase;
			buildActionMask = 2147483647;
			files = (
			);
			runOnlyForDeploymentPostprocessing = 0;
		};
/* End PBXFrameworksBuildPhase section */

/* Begin PBXGroup section */
		B65B33822A6208FF0054FFB9 /* Page Two Game */ = {
			isa = PBXGroup;
			children = (
				B6D037A62A5DA24600AF1A03 /* CourtView.swift */,
				B6D037A82A5DACB500AF1A03 /* ScoreBoardView.swift */,
				B6D037B02A5DFBE900AF1A03 /* ActionButtonsView.swift */,
				B6D037942A5D869700AF1A03 /* PageTwoView.swift */,
			);
			path = "Page Two Game";
			sourceTree = "<group>";
		};
		B65B33832A6209420054FFB9 /* Page One Welcome */ = {
			isa = PBXGroup;
			children = (
				B6D037AC2A5DE3FC00AF1A03 /* PageOneView.swift */,
			);
			path = "Page One Welcome";
			sourceTree = "<group>";
		};
		B65B33842A6209550054FFB9 /* Page Three History */ = {
			isa = PBXGroup;
			children = (
				B6D037AA2A5DDBE700AF1A03 /* HistoryView.swift */,
				B6C0ED3F2A61BC0100F184D0 /* PageThreeView.swift */,
			);
			path = "Page Three History";
			sourceTree = "<group>";
		};
		B6D037802A5D869700AF1A03 = {
			isa = PBXGroup;
			children = (
				B6D037912A5D869700AF1A03 /* Padel Watch App */,
				B6D037882A5D869700AF1A03 /* Products */,
			);
			sourceTree = "<group>";
		};
		B6D037882A5D869700AF1A03 /* Products */ = {
			isa = PBXGroup;
			children = (
				B6D037872A5D869700AF1A03 /* Padel.app */,
				B6D0378D2A5D869700AF1A03 /* Padel Watch App.app */,
			);
			name = Products;
			sourceTree = "<group>";
		};
		B6D037912A5D869700AF1A03 /* Padel Watch App */ = {
			isa = PBXGroup;
			children = (
				B65B33832A6209420054FFB9 /* Page One Welcome */,
				B65B33822A6208FF0054FFB9 /* Page Two Game */,
				B65B33842A6209550054FFB9 /* Page Three History */,
				B6C0ED432A61DF0E00F184D0 /* SharedData.swift */,
				B6D037922A5D869700AF1A03 /* PadelApp.swift */,
				B6C0ED3D2A618CD200F184D0 /* PagesView.swift */,
				B6D037962A5D869800AF1A03 /* Assets.xcassets */,
				B6D037982A5D869800AF1A03 /* Preview Content */,
			);
			path = "Padel Watch App";
			sourceTree = "<group>";
		};
		B6D037982A5D869800AF1A03 /* Preview Content */ = {
			isa = PBXGroup;
			children = (
				B6D037992A5D869800AF1A03 /* Preview Assets.xcassets */,
			);
			path = "Preview Content";
			sourceTree = "<group>";
		};
/* End PBXGroup section */

/* Begin PBXNativeTarget section */
		B6D037862A5D869700AF1A03 /* Padel */ = {
			isa = PBXNativeTarget;
			buildConfigurationList = B6D037A12A5D869800AF1A03 /* Build configuration list for PBXNativeTarget "Padel" */;
			buildPhases = (
				B6D037852A5D869700AF1A03 /* Resources */,
				B6D037A02A5D869800AF1A03 /* Embed Watch Content */,
			);
			buildRules = (
			);
			dependencies = (
				B6D037902A5D869700AF1A03 /* PBXTargetDependency */,
			);
			name = Padel;
			productName = Padel;
			productReference = B6D037872A5D869700AF1A03 /* Padel.app */;
			productType = "com.apple.product-type.application.watchapp2-container";
		};
		B6D0378C2A5D869700AF1A03 /* Padel Watch App */ = {
			isa = PBXNativeTarget;
			buildConfigurationList = B6D0379D2A5D869800AF1A03 /* Build configuration list for PBXNativeTarget "Padel Watch App" */;
			buildPhases = (
				B6D037892A5D869700AF1A03 /* Sources */,
				B6D0378A2A5D869700AF1A03 /* Frameworks */,
				B6D0378B2A5D869700AF1A03 /* Resources */,
			);
			buildRules = (
			);
			dependencies = (
			);
			name = "Padel Watch App";
			productName = "Padel Watch App";
			productReference = B6D0378D2A5D869700AF1A03 /* Padel Watch App.app */;
			productType = "com.apple.product-type.application";
		};
/* End PBXNativeTarget section */

/* Begin PBXProject section */
		B6D037812A5D869700AF1A03 /* Project object */ = {
			isa = PBXProject;
			attributes = {
				BuildIndependentTargetsInParallel = 1;
				LastSwiftUpdateCheck = 1430;
				LastUpgradeCheck = 1430;
				TargetAttributes = {
					B6D037862A5D869700AF1A03 = {
						CreatedOnToolsVersion = 14.3;
					};
					B6D0378C2A5D869700AF1A03 = {
						CreatedOnToolsVersion = 14.3;
					};
				};
			};
			buildConfigurationList = B6D037842A5D869700AF1A03 /* Build configuration list for PBXProject "Padel" */;
			compatibilityVersion = "Xcode 14.0";
			developmentRegion = en;
			hasScannedForEncodings = 0;
			knownRegions = (
				en,
				Base,
			);
			mainGroup = B6D037802A5D869700AF1A03;
			productRefGroup = B6D037882A5D869700AF1A03 /* Products */;
			projectDirPath = "";
			projectRoot = "";
			targets = (
				B6D037862A5D869700AF1A03 /* Padel */,
				B6D0378C2A5D869700AF1A03 /* Padel Watch App */,
			);
		};
/* End PBXProject section */

/* Begin PBXResourcesBuildPhase section */
		B6D037852A5D869700AF1A03 /* Resources */ = {
			isa = PBXResourcesBuildPhase;
			buildActionMask = 2147483647;
			files = (
			);
			runOnlyForDeploymentPostprocessing = 0;
		};
		B6D0378B2A5D869700AF1A03 /* Resources */ = {
			isa = PBXResourcesBuildPhase;
			buildActionMask = 2147483647;
			files = (
				B6D0379A2A5D869800AF1A03 /* Preview Assets.xcassets in Resources */,
				B6D037972A5D869800AF1A03 /* Assets.xcassets in Resources */,
			);
			runOnlyForDeploymentPostprocessing = 0;
		};
/* End PBXResourcesBuildPhase section */

/* Begin PBXSourcesBuildPhase section */
		B6D037892A5D869700AF1A03 /* Sources */ = {
			isa = PBXSourcesBuildPhase;
			buildActionMask = 2147483647;
			files = (
				B6D037952A5D869700AF1A03 /* PageTwoView.swift in Sources */,
				B6D037AB2A5DDBE700AF1A03 /* HistoryView.swift in Sources */,
				B6C0ED3E2A618CD200F184D0 /* PagesView.swift in Sources */,
				B6D037B12A5DFBE900AF1A03 /* ActionButtonsView.swift in Sources */,
				B6D037A92A5DACB500AF1A03 /* ScoreBoardView.swift in Sources */,
				B6C0ED402A61BC0100F184D0 /* PageThreeView.swift in Sources */,
				B6C0ED442A61DF0E00F184D0 /* SharedData.swift in Sources */,
				B6D037A72A5DA24600AF1A03 /* CourtView.swift in Sources */,
				B6D037932A5D869700AF1A03 /* PadelApp.swift in Sources */,
				B6D037AD2A5DE3FC00AF1A03 /* PageOneView.swift in Sources */,
			);
			runOnlyForDeploymentPostprocessing = 0;
		};
/* End PBXSourcesBuildPhase section */

/* Begin PBXTargetDependency section */
		B6D037902A5D869700AF1A03 /* PBXTargetDependency */ = {
			isa = PBXTargetDependency;
			target = B6D0378C2A5D869700AF1A03 /* Padel Watch App */;
			targetProxy = B6D0378F2A5D869700AF1A03 /* PBXContainerItemProxy */;
		};
/* End PBXTargetDependency section */

/* Begin XCBuildConfiguration section */
		B6D0379B2A5D869800AF1A03 /* Debug */ = {
			isa = XCBuildConfiguration;
			buildSettings = {
				ALWAYS_SEARCH_USER_PATHS = NO;
				CLANG_ANALYZER_NONNULL = YES;
				CLANG_ANALYZER_NUMBER_OBJECT_CONVERSION = YES_AGGRESSIVE;
				CLANG_CXX_LANGUAGE_STANDARD = "gnu++20";
				CLANG_ENABLE_MODULES = YES;
				CLANG_ENABLE_OBJC_ARC = YES;
				CLANG_ENABLE_OBJC_WEAK = YES;
				CLANG_WARN_BLOCK_CAPTURE_AUTORELEASING = YES;
				CLANG_WARN_BOOL_CONVERSION = YES;
				CLANG_WARN_COMMA = YES;
				CLANG_WARN_CONSTANT_CONVERSION = YES;
				CLANG_WARN_DEPRECATED_OBJC_IMPLEMENTATIONS = YES;
				CLANG_WARN_DIRECT_OBJC_ISA_USAGE = YES_ERROR;
				CLANG_WARN_DOCUMENTATION_COMMENTS = YES;
				CLANG_WARN_EMPTY_BODY = YES;
				CLANG_WARN_ENUM_CONVERSION = YES;
				CLANG_WARN_INFINITE_RECURSION = YES;
				CLANG_WARN_INT_CONVERSION = YES;
				CLANG_WARN_NON_LITERAL_NULL_CONVERSION = YES;
				CLANG_WARN_OBJC_IMPLICIT_RETAIN_SELF = YES;
				CLANG_WARN_OBJC_LITERAL_CONVERSION = YES;
				CLANG_WARN_OBJC_ROOT_CLASS = YES_ERROR;
				CLANG_WARN_QUOTED_INCLUDE_IN_FRAMEWORK_HEADER = YES;
				CLANG_WARN_RANGE_LOOP_ANALYSIS = YES;
				CLANG_WARN_STRICT_PROTOTYPES = YES;
				CLANG_WARN_SUSPICIOUS_MOVE = YES;
				CLANG_WARN_UNGUARDED_AVAILABILITY = YES_AGGRESSIVE;
				CLANG_WARN_UNREACHABLE_CODE = YES;
				CLANG_WARN__DUPLICATE_METHOD_MATCH = YES;
				COPY_PHASE_STRIP = NO;
				DEBUG_INFORMATION_FORMAT = dwarf;
				ENABLE_STRICT_OBJC_MSGSEND = YES;
				ENABLE_TESTABILITY = YES;
				GCC_C_LANGUAGE_STANDARD = gnu11;
				GCC_DYNAMIC_NO_PIC = NO;
				GCC_NO_COMMON_BLOCKS = YES;
				GCC_OPTIMIZATION_LEVEL = 0;
				GCC_PREPROCESSOR_DEFINITIONS = (
					"DEBUG=1",
					"$(inherited)",
				);
				GCC_WARN_64_TO_32_BIT_CONVERSION = YES;
				GCC_WARN_ABOUT_RETURN_TYPE = YES_ERROR;
				GCC_WARN_UNDECLARED_SELECTOR = YES;
				GCC_WARN_UNINITIALIZED_AUTOS = YES_AGGRESSIVE;
				GCC_WARN_UNUSED_FUNCTION = YES;
				GCC_WARN_UNUSED_VARIABLE = YES;
				MTL_ENABLE_DEBUG_INFO = INCLUDE_SOURCE;
				MTL_FAST_MATH = YES;
				ONLY_ACTIVE_ARCH = YES;
				SWIFT_ACTIVE_COMPILATION_CONDITIONS = DEBUG;
				SWIFT_OPTIMIZATION_LEVEL = "-Onone";
			};
			name = Debug;
		};
		B6D0379C2A5D869800AF1A03 /* Release */ = {
			isa = XCBuildConfiguration;
			buildSettings = {
				ALWAYS_SEARCH_USER_PATHS = NO;
				CLANG_ANALYZER_NONNULL = YES;
				CLANG_ANALYZER_NUMBER_OBJECT_CONVERSION = YES_AGGRESSIVE;
				CLANG_CXX_LANGUAGE_STANDARD = "gnu++20";
				CLANG_ENABLE_MODULES = YES;
				CLANG_ENABLE_OBJC_ARC = YES;
				CLANG_ENABLE_OBJC_WEAK = YES;
				CLANG_WARN_BLOCK_CAPTURE_AUTORELEASING = YES;
				CLANG_WARN_BOOL_CONVERSION = YES;
				CLANG_WARN_COMMA = YES;
				CLANG_WARN_CONSTANT_CONVERSION = YES;
				CLANG_WARN_DEPRECATED_OBJC_IMPLEMENTATIONS = YES;
				CLANG_WARN_DIRECT_OBJC_ISA_USAGE = YES_ERROR;
				CLANG_WARN_DOCUMENTATION_COMMENTS = YES;
				CLANG_WARN_EMPTY_BODY = YES;
				CLANG_WARN_ENUM_CONVERSION = YES;
				CLANG_WARN_INFINITE_RECURSION = YES;
				CLANG_WARN_INT_CONVERSION = YES;
				CLANG_WARN_NON_LITERAL_NULL_CONVERSION = YES;
				CLANG_WARN_OBJC_IMPLICIT_RETAIN_SELF = YES;
				CLANG_WARN_OBJC_LITERAL_CONVERSION = YES;
				CLANG_WARN_OBJC_ROOT_CLASS = YES_ERROR;
				CLANG_WARN_QUOTED_INCLUDE_IN_FRAMEWORK_HEADER = YES;
				CLANG_WARN_RANGE_LOOP_ANALYSIS = YES;
				CLANG_WARN_STRICT_PROTOTYPES = YES;
				CLANG_WARN_SUSPICIOUS_MOVE = YES;
				CLANG_WARN_UNGUARDED_AVAILABILITY = YES_AGGRESSIVE;
				CLANG_WARN_UNREACHABLE_CODE = YES;
				CLANG_WARN__DUPLICATE_METHOD_MATCH = YES;
				COPY_PHASE_STRIP = NO;
				DEBUG_INFORMATION_FORMAT = "dwarf-with-dsym";
				ENABLE_NS_ASSERTIONS = NO;
				ENABLE_STRICT_OBJC_MSGSEND = YES;
				GCC_C_LANGUAGE_STANDARD = gnu11;
				GCC_NO_COMMON_BLOCKS = YES;
				GCC_WARN_64_TO_32_BIT_CONVERSION = YES;
				GCC_WARN_ABOUT_RETURN_TYPE = YES_ERROR;
				GCC_WARN_UNDECLARED_SELECTOR = YES;
				GCC_WARN_UNINITIALIZED_AUTOS = YES_AGGRESSIVE;
				GCC_WARN_UNUSED_FUNCTION = YES;
				GCC_WARN_UNUSED_VARIABLE = YES;
				MTL_ENABLE_DEBUG_INFO = NO;
				MTL_FAST_MATH = YES;
				SWIFT_COMPILATION_MODE = wholemodule;
				SWIFT_OPTIMIZATION_LEVEL = "-O";
			};
			name = Release;
		};
		B6D0379E2A5D869800AF1A03 /* Debug */ = {
			isa = XCBuildConfiguration;
			buildSettings = {
				ASSETCATALOG_COMPILER_APPICON_NAME = AppIcon;
				ASSETCATALOG_COMPILER_GLOBAL_ACCENT_COLOR_NAME = AccentColor;
				CODE_SIGN_IDENTITY = "Apple Development";
				CODE_SIGN_STYLE = Automatic;
				CURRENT_PROJECT_VERSION = 1;
				DEVELOPMENT_ASSET_PATHS = "\"Padel Watch App/Preview Content\"";
				DEVELOPMENT_TEAM = 93XMC973QD;
				ENABLE_PREVIEWS = YES;
				GENERATE_INFOPLIST_FILE = YES;
				INFOPLIST_KEY_CFBundleDisplayName = Padel;
				INFOPLIST_KEY_UISupportedInterfaceOrientations = "UIInterfaceOrientationPortrait UIInterfaceOrientationPortraitUpsideDown";
				INFOPLIST_KEY_WKWatchOnly = YES;
				LD_RUNPATH_SEARCH_PATHS = (
					"$(inherited)",
					"@executable_path/Frameworks",
				);
				MARKETING_VERSION = 1.0;
				PRODUCT_BUNDLE_IDENTIFIER = ingeit.com.Padel.watchkitapp;
				PRODUCT_NAME = "$(TARGET_NAME)";
				PROVISIONING_PROFILE_SPECIFIER = "";
				SDKROOT = watchos;
				SKIP_INSTALL = YES;
				SWIFT_EMIT_LOC_STRINGS = YES;
				SWIFT_VERSION = 5.0;
				TARGETED_DEVICE_FAMILY = 4;
				WATCHOS_DEPLOYMENT_TARGET = 9.0;
			};
			name = Debug;
		};
		B6D0379F2A5D869800AF1A03 /* Release */ = {
			isa = XCBuildConfiguration;
			buildSettings = {
				ASSETCATALOG_COMPILER_APPICON_NAME = AppIcon;
				ASSETCATALOG_COMPILER_GLOBAL_ACCENT_COLOR_NAME = AccentColor;
				CODE_SIGN_IDENTITY = "Apple Development";
				CODE_SIGN_STYLE = Automatic;
				CURRENT_PROJECT_VERSION = 1;
				DEVELOPMENT_ASSET_PATHS = "\"Padel Watch App/Preview Content\"";
				DEVELOPMENT_TEAM = 93XMC973QD;
				ENABLE_PREVIEWS = YES;
				GENERATE_INFOPLIST_FILE = YES;
				INFOPLIST_KEY_CFBundleDisplayName = Padel;
				INFOPLIST_KEY_UISupportedInterfaceOrientations = "UIInterfaceOrientationPortrait UIInterfaceOrientationPortraitUpsideDown";
				INFOPLIST_KEY_WKWatchOnly = YES;
				LD_RUNPATH_SEARCH_PATHS = (
					"$(inherited)",
					"@executable_path/Frameworks",
				);
				MARKETING_VERSION = 1.0;
				PRODUCT_BUNDLE_IDENTIFIER = ingeit.com.Padel.watchkitapp;
				PRODUCT_NAME = "$(TARGET_NAME)";
				PROVISIONING_PROFILE_SPECIFIER = "";
				SDKROOT = watchos;
				SKIP_INSTALL = YES;
				SWIFT_EMIT_LOC_STRINGS = YES;
				SWIFT_VERSION = 5.0;
				TARGETED_DEVICE_FAMILY = 4;
				VALIDATE_PRODUCT = YES;
				WATCHOS_DEPLOYMENT_TARGET = 9.0;
			};
			name = Release;
		};
		B6D037A22A5D869800AF1A03 /* Debug */ = {
			isa = XCBuildConfiguration;
			buildSettings = {
				ALWAYS_EMBED_SWIFT_STANDARD_LIBRARIES = YES;
				CODE_SIGN_IDENTITY = "Apple Development";
				CODE_SIGN_STYLE = Automatic;
				CURRENT_PROJECT_VERSION = 1;
				DEVELOPMENT_TEAM = 93XMC973QD;
				INFOPLIST_KEY_CFBundleDisplayName = Padel;
				MARKETING_VERSION = 1.0;
				PRODUCT_BUNDLE_IDENTIFIER = ingeit.com.Padel;
				PRODUCT_NAME = "$(TARGET_NAME)";
				PROVISIONING_PROFILE_SPECIFIER = "";
				SDKROOT = iphoneos;
				SWIFT_VERSION = 5.0;
			};
			name = Debug;
		};
		B6D037A32A5D869800AF1A03 /* Release */ = {
			isa = XCBuildConfiguration;
			buildSettings = {
				ALWAYS_EMBED_SWIFT_STANDARD_LIBRARIES = YES;
				CODE_SIGN_IDENTITY = "Apple Development";
				CODE_SIGN_STYLE = Automatic;
				CURRENT_PROJECT_VERSION = 1;
				DEVELOPMENT_TEAM = 93XMC973QD;
				INFOPLIST_KEY_CFBundleDisplayName = Padel;
				MARKETING_VERSION = 1.0;
				PRODUCT_BUNDLE_IDENTIFIER = ingeit.com.Padel;
				PRODUCT_NAME = "$(TARGET_NAME)";
				PROVISIONING_PROFILE_SPECIFIER = "";
				SDKROOT = iphoneos;
				SWIFT_VERSION = 5.0;
				VALIDATE_PRODUCT = YES;
			};
			name = Release;
		};
/* End XCBuildConfiguration section */

/* Begin XCConfigurationList section */
		B6D037842A5D869700AF1A03 /* Build configuration list for PBXProject "Padel" */ = {
			isa = XCConfigurationList;
			buildConfigurations = (
				B6D0379B2A5D869800AF1A03 /* Debug */,
				B6D0379C2A5D869800AF1A03 /* Release */,
			);
			defaultConfigurationIsVisible = 0;
			defaultConfigurationName = Release;
		};
		B6D0379D2A5D869800AF1A03 /* Build configuration list for PBXNativeTarget "Padel Watch App" */ = {
			isa = XCConfigurationList;
			buildConfigurations = (
				B6D0379E2A5D869800AF1A03 /* Debug */,
				B6D0379F2A5D869800AF1A03 /* Release */,
			);
			defaultConfigurationIsVisible = 0;
			defaultConfigurationName = Release;
		};
		B6D037A12A5D869800AF1A03 /* Build configuration list for PBXNativeTarget "Padel" */ = {
			isa = XCConfigurationList;
			buildConfigurations = (
				B6D037A22A5D869800AF1A03 /* Debug */,
				B6D037A32A5D869800AF1A03 /* Release */,
			);
			defaultConfigurationIsVisible = 0;
			defaultConfigurationName = Release;
		};
/* End XCConfigurationList section */
	};
	rootObject = B6D037812A5D869700AF1A03 /* Project object */;
}
